
Microsoft Visual Studio Solution File, Format Version 12.00
# Visual Studio Version 16
VisualStudioVersion = 16.0.30225.117
MinimumVisualStudioVersion = 10.0.40219.1
Project("{FAE04EC0-301F-11D3-BF4B-00C04F79EFBC}") = "WcfServiceSonuclar", "WcfServiceSonuclar\WcfServiceSonuclar.csproj", "{219749D6-E776-4B89-ABC4-6BD625D5FF7A}"
EndProject
Global
	GlobalSection(SolutionConfigurationPlatforms) = preSolution
		Debug|Any CPU = Debug|Any CPU
		Release|Any CPU = Release|Any CPU
	EndGlobalSection
	GlobalSection(ProjectConfigurationPlatforms) = postSolution
		{219749D6-E776-4B89-ABC4-6BD625D5FF7A}.Debug|Any CPU.ActiveCfg = Debug|Any CPU
		{219749D6-E776-4B89-ABC4-6BD625D5FF7A}.Debug|Any CPU.Build.0 = Debug|Any CPU
		{219749D6-E776-4B89-ABC4-6BD625D5FF7A}.Release|Any CPU.ActiveCfg = Release|Any CPU
		{219749D6-E776-4B89-ABC4-6BD625D5FF7A}.Release|Any CPU.Build.0 = Release|Any CPU
	EndGlobalSection
	GlobalSection(SolutionProperties) = preSolution
		HideSolutionNode = FALSE
	EndGlobalSection
	GlobalSection(ExtensibilityGlobals) = postSolution
		SolutionGuid = {7A8AE356-2DEE-4032-9966-3DE94688716B}
	EndGlobalSection
EndGlobal
